
Microsoft Visual Studio Solution File, Format Version 12.00
# Visual Studio Version 16
VisualStudioVersion = 16.0.30517.126
MinimumVisualStudioVersion = 10.0.40219.1
Project("{FAE04EC0-301F-11D3-BF4B-00C04F79EFBC}") = "ClearFolder", "ClearFolder\ClearFolder.csproj", "{88F563DB-81FE-430A-A148-32B18D786BF5}"
EndProject
Project("{FAE04EC0-301F-11D3-BF4B-00C04F79EFBC}") = "CreateDirectory", "CreateDirectory\CreateDirectory.csproj", "{1B3D45AA-34E1-4F14-B06D-1F38645F3C76}"
EndProject
Global
	GlobalSection(SolutionConfigurationPlatforms) = preSolution
		Debug|Any CPU = Debug|Any CPU
		Release|Any CPU = Release|Any CPU
	EndGlobalSection
	GlobalSection(ProjectConfigurationPlatforms) = postSolution
		{88F563DB-81FE-430A-A148-32B18D786BF5}.Debug|Any CPU.ActiveCfg = Debug|Any CPU
		{88F563DB-81FE-430A-A148-32B18D786BF5}.Debug|Any CPU.Build.0 = Debug|Any CPU
		{88F563DB-81FE-430A-A148-32B18D786BF5}.Release|Any CPU.ActiveCfg = Release|Any CPU
		{88F563DB-81FE-430A-A148-32B18D786BF5}.Release|Any CPU.Build.0 = Release|Any CPU
		{1B3D45AA-34E1-4F14-B06D-1F38645F3C76}.Debug|Any CPU.ActiveCfg = Debug|Any CPU
		{1B3D45AA-34E1-4F14-B06D-1F38645F3C76}.Debug|Any CPU.Build.0 = Debug|Any CPU
		{1B3D45AA-34E1-4F14-B06D-1F38645F3C76}.Release|Any CPU.ActiveCfg = Release|Any CPU
		{1B3D45AA-34E1-4F14-B06D-1F38645F3C76}.Release|Any CPU.Build.0 = Release|Any CPU
	EndGlobalSection
	GlobalSection(SolutionProperties) = preSolution
		HideSolutionNode = FALSE
	EndGlobalSection
	GlobalSection(ExtensibilityGlobals) = postSolution
		SolutionGuid = {EE98924A-F098-4C36-B0E2-67FFDCCF7EBE}
	EndGlobalSection
EndGlobal
